PODS:
  - Alamofire (4.8.2)
  - Charts (3.3.0):
    - Charts/Core (= 3.3.0)
  - Charts/Core (3.3.0)
  - Mobile-Buy-SDK (4.0.0)
  - RNCryptor (5.1.0)
  - SwiftKeychainWrapper (3.4.0)
  - SwiftyDropbox (5.1.0):
    - Alamofire (~> 4.8.2)

DEPENDENCIES:
  - Charts
  - Mobile-Buy-SDK
  - RNCryptor (~> 5.0)
  - SwiftKeychainWrapper
  - SwiftyDropbox

SPEC REPOS:
  https://github.com/CocoaPods/Specs.git:
    - Alamofire
    - Charts
    - RNCryptor
    - SwiftKeychainWrapper
    - SwiftyDropbox
  trunk:
    - Mobile-Buy-SDK

SPEC CHECKSUMS:
  Alamofire: ae5c501addb7afdbb13687d7f2f722c78734c2d3
  Charts: e0dd4cd8f257bccf98407b58183ddca8e8d5b578
  Mobile-Buy-SDK: 29ffa94db6fb888d5acb07e65d93cb640aaa6c3b
  RNCryptor: a369134686cd2ad391323cc856b62e591193ba79
  SwiftKeychainWrapper: 6fc49fbf7d4a6b0772917acb0e53a1639f6078d6
  SwiftyDropbox: 7ca4961e0340c62c8d6d1ece91d67badfe4c0380

PODFILE CHECKSUM: 57e2e948b09b6009f8dff9e65608e44de4f6c1bb

COCOAPODS: 1.9.3
